// !$*UTF8*$!
{
	archiveVersion = 1;
	classes = {
	};
	objectVersion = 48;
	objects = {

/* Begin PBXBuildFile section */
		0731FA341EC9FD4400F46170 /* Moon.swift in Sources */ = {isa = PBXBuildFile; fileRef = 0731FA331EC9FD4400F46170 /* Moon.swift */; };
		0731FA361EC9FDF700F46170 /* Planet.swift in Sources */ = {isa = PBXBuildFile; fileRef = 0731FA351EC9FDF700F46170 /* Planet.swift */; };
		0734F51B1ECBCB9C00D778C5 /* MoonsOfJupiter.txt in Resources */ = {isa = PBXBuildFile; fileRef = 0734F51A1ECBCB9C00D778C5 /* MoonsOfJupiter.txt */; };
		07506D691ECA7A8A00EB7C11 /* BackgroundSkyBoxView.m in Sources */ = {isa = PBXBuildFile; fileRef = 07506D681ECA7A8A00EB7C11 /* BackgroundSkyBoxView.m */; };
		078143291ECB3D32009C18DF /* SolarSystem.swift in Sources */ = {isa = PBXBuildFile; fileRef = 078143281ECB3D32009C18DF /* SolarSystem.swift */; };
		0781432B1ECB3FAB009C18DF /* Star.swift in Sources */ = {isa = PBXBuildFile; fileRef = 0781432A1ECB3FAB009C18DF /* Star.swift */; };
		0798944E1ECA0B2E00C93E64 /* PhysicsBody.swift in Sources */ = {isa = PBXBuildFile; fileRef = 0798944D1ECA0B2E00C93E64 /* PhysicsBody.swift */; };
		9E2017351ECB7E95002373D7 /* SolarSystemSceneController.swift in Sources */ = {isa = PBXBuildFile; fileRef = 9E2017341ECB7E95002373D7 /* SolarSystemSceneController.swift */; };
		9E2017371ECB7F2E002373D7 /* PlanetDetailsViewController.swift in Sources */ = {isa = PBXBuildFile; fileRef = 9E2017361ECB7F2E002373D7 /* PlanetDetailsViewController.swift */; };
		9E43B2781ECC1B1300404A81 /* SceneHUDViewController.swift in Sources */ = {isa = PBXBuildFile; fileRef = 9E43B2771ECC1B1300404A81 /* SceneHUDViewController.swift */; };
		9E6ADE0E1ECCF8F0008B2CA8 /* SolarSystemScene.scn in Resources */ = {isa = PBXBuildFile; fileRef = 9E6ADE0D1ECCF8F0008B2CA8 /* SolarSystemScene.scn */; };
		9EBC16DD1ECC0FB30014404F /* PlanetDetails.plist in Resources */ = {isa = PBXBuildFile; fileRef = 9EBC16DC1ECC0FB30014404F /* PlanetDetails.plist */; };
		9EC407FC1EBFEAEB00F7F8A1 /* AppDelegate.swift in Sources */ = {isa = PBXBuildFile; fileRef = 9EC407FB1EBFEAEB00F7F8A1 /* AppDelegate.swift */; };
		9EC408031EBFEAEB00F7F8A1 /* Main.storyboard in Resources */ = {isa = PBXBuildFile; fileRef = 9EC408011EBFEAEB00F7F8A1 /* Main.storyboard */; };
		9EC408051EBFEAEB00F7F8A1 /* Assets.xcassets in Resources */ = {isa = PBXBuildFile; fileRef = 9EC408041EBFEAEB00F7F8A1 /* Assets.xcassets */; };
		9EC408081EBFEAEB00F7F8A1 /* LaunchScreen.storyboard in Resources */ = {isa = PBXBuildFile; fileRef = 9EC408061EBFEAEB00F7F8A1 /* LaunchScreen.storyboard */; };
		D2B2E8E81ECB9BE300ED0982 /* OrbitingBody.swift in Sources */ = {isa = PBXBuildFile; fileRef = D2B2E8E71ECB9BE300ED0982 /* OrbitingBody.swift */; };
		D2B2E8EA1ECB9C6200ED0982 /* SolarDays.swift in Sources */ = {isa = PBXBuildFile; fileRef = D2B2E8E91ECB9C6200ED0982 /* SolarDays.swift */; };
		EE22DC031ECCF966008CBDDE /* TransNeptunianObject.swift in Sources */ = {isa = PBXBuildFile; fileRef = EE22DC021ECCF966008CBDDE /* TransNeptunianObject.swift */; };
		EE5818701ECCFD9900733C90 /* Asteroid.m in Sources */ = {isa = PBXBuildFile; fileRef = EE58186F1ECCFD9900733C90 /* Asteroid.m */; };
		EECE23D11ECCC60100D0CC7A /* Planets.storyboard in Resources */ = {isa = PBXBuildFile; fileRef = EECE23D01ECCC60100D0CC7A /* Planets.storyboard */; };
/* End PBXBuildFile section */

/* Begin PBXFileReference section */
		0731FA331EC9FD4400F46170 /* Moon.swift */ = {isa = PBXFileReference; lastKnownFileType = sourcecode.swift; path = Moon.swift; sourceTree = "<group>"; };
		0731FA351EC9FDF700F46170 /* Planet.swift */ = {isa = PBXFileReference; lastKnownFileType = sourcecode.swift; path = Planet.swift; sourceTree = "<group>"; };
		0731FA371ECA06C800F46170 /* README.md */ = {isa = PBXFileReference; lastKnownFileType = net.daringfireball.markdown; path = README.md; sourceTree = "<group>"; };
		0734F51A1ECBCB9C00D778C5 /* MoonsOfJupiter.txt */ = {isa = PBXFileReference; lastKnownFileType = text; path = MoonsOfJupiter.txt; sourceTree = "<group>"; };
		07506D671ECA7A8A00EB7C11 /* BackgroundSkyBoxView.h */ = {isa = PBXFileReference; fileEncoding = 4; lastKnownFileType = sourcecode.c.h; path = BackgroundSkyBoxView.h; sourceTree = "<group>"; };
		07506D681ECA7A8A00EB7C11 /* BackgroundSkyBoxView.m */ = {isa = PBXFileReference; fileEncoding = 4; lastKnownFileType = sourcecode.c.objc; path = BackgroundSkyBoxView.m; sourceTree = "<group>"; };
		07506D6A1ECA7AE800EB7C11 /* Science-Bridging-Header.h */ = {isa = PBXFileReference; fileEncoding = 4; lastKnownFileType = sourcecode.c.h; path = "Science-Bridging-Header.h"; sourceTree = "<group>"; };
		078143281ECB3D32009C18DF /* SolarSystem.swift */ = {isa = PBXFileReference; lastKnownFileType = sourcecode.swift; path = SolarSystem.swift; sourceTree = "<group>"; };
		0781432A1ECB3FAB009C18DF /* Star.swift */ = {isa = PBXFileReference; lastKnownFileType = sourcecode.swift; path = Star.swift; sourceTree = "<group>"; };
		0798944D1ECA0B2E00C93E64 /* PhysicsBody.swift */ = {isa = PBXFileReference; lastKnownFileType = sourcecode.swift; path = PhysicsBody.swift; sourceTree = "<group>"; };
		9E2017341ECB7E95002373D7 /* SolarSystemSceneController.swift */ = {isa = PBXFileReference; lastKnownFileType = sourcecode.swift; path = SolarSystemSceneController.swift; sourceTree = "<group>"; };
		9E2017361ECB7F2E002373D7 /* PlanetDetailsViewController.swift */ = {isa = PBXFileReference; lastKnownFileType = sourcecode.swift; path = PlanetDetailsViewController.swift; sourceTree = "<group>"; };
		9E43B2771ECC1B1300404A81 /* SceneHUDViewController.swift */ = {isa = PBXFileReference; lastKnownFileType = sourcecode.swift; path = SceneHUDViewController.swift; sourceTree = "<group>"; };
		9E6ADE0D1ECCF8F0008B2CA8 /* SolarSystemScene.scn */ = {isa = PBXFileReference; lastKnownFileType = file.bplist; path = SolarSystemScene.scn; sourceTree = "<group>"; };
		9EBC16DC1ECC0FB30014404F /* PlanetDetails.plist */ = {isa = PBXFileReference; lastKnownFileType = text.plist.xml; path = PlanetDetails.plist; sourceTree = "<group>"; };
		9EC407F81EBFEAEB00F7F8A1 /* Science.app */ = {isa = PBXFileReference; explicitFileType = wrapper.application; includeInIndex = 0; path = Science.app; sourceTree = BUILT_PRODUCTS_DIR; };
		9EC407FB1EBFEAEB00F7F8A1 /* AppDelegate.swift */ = {isa = PBXFileReference; lastKnownFileType = sourcecode.swift; path = AppDelegate.swift; sourceTree = "<group>"; };
		9EC408021EBFEAEB00F7F8A1 /* Base */ = {isa = PBXFileReference; lastKnownFileType = file.storyboard; name = Base; path = Base.lproj/Main.storyboard; sourceTree = "<group>"; };
		9EC408041EBFEAEB00F7F8A1 /* Assets.xcassets */ = {isa = PBXFileReference; lastKnownFileType = folder.assetcatalog; path = Assets.xcassets; sourceTree = "<group>"; };
		9EC408071EBFEAEB00F7F8A1 /* Base */ = {isa = PBXFileReference; lastKnownFileType = file.storyboard; name = Base; path = Base.lproj/LaunchScreen.storyboard; sourceTree = "<group>"; };
		9EC408091EBFEAEB00F7F8A1 /* Info.plist */ = {isa = PBXFileReference; lastKnownFileType = text.plist.xml; path = Info.plist; sourceTree = "<group>"; };
		D2B2E8E71ECB9BE300ED0982 /* OrbitingBody.swift */ = {isa = PBXFileReference; lastKnownFileType = sourcecode.swift; path = OrbitingBody.swift; sourceTree = "<group>"; };
		D2B2E8E91ECB9C6200ED0982 /* SolarDays.swift */ = {isa = PBXFileReference; lastKnownFileType = sourcecode.swift; path = SolarDays.swift; sourceTree = "<group>"; };
		EE22DC021ECCF966008CBDDE /* TransNeptunianObject.swift */ = {isa = PBXFileReference; lastKnownFileType = sourcecode.swift; path = TransNeptunianObject.swift; sourceTree = "<group>"; };
		EE58186E1ECCFD9900733C90 /* Asteroid.h */ = {isa = PBXFileReference; lastKnownFileType = sourcecode.c.h; path = Asteroid.h; sourceTree = "<group>"; };
		EE58186F1ECCFD9900733C90 /* Asteroid.m */ = {isa = PBXFileReference; lastKnownFileType = sourcecode.c.objc; path = Asteroid.m; sourceTree = "<group>"; };
		EECE23D01ECCC60100D0CC7A /* Planets.storyboard */ = {isa = PBXFileReference; lastKnownFileType = file.storyboard; path = Planets.storyboard; sourceTree = "<group>"; };
/* End PBXFileReference section */

/* Begin PBXFrameworksBuildPhase section */
		9EC407F51EBFEAEB00F7F8A1 /* Frameworks */ = {
			isa = PBXFrameworksBuildPhase;
			buildActionMask = 2147483647;
			files = (
			);
			runOnlyForDeploymentPostprocessing = 0;
		};
/* End PBXFrameworksBuildPhase section */

/* Begin PBXGroup section */
		0731FA301EC9FCBF00F46170 /* Model Classes */ = {
			isa = PBXGroup;
			children = (
				EE58186E1ECCFD9900733C90 /* Asteroid.h */,
				EE58186F1ECCFD9900733C90 /* Asteroid.m */,
				0731FA351EC9FDF700F46170 /* Planet.swift */,
				0731FA331EC9FD4400F46170 /* Moon.swift */,
				078143281ECB3D32009C18DF /* SolarSystem.swift */,
				0781432A1ECB3FAB009C18DF /* Star.swift */,
				D2B2E8E91ECB9C6200ED0982 /* SolarDays.swift */,
				EE22DC021ECCF966008CBDDE /* TransNeptunianObject.swift */,
			);
			path = "Model Classes";
			sourceTree = "<group>";
		};
		0734F5191ECBCB7500D778C5 /* Resources */ = {
			isa = PBXGroup;
			children = (
				0734F51A1ECBCB9C00D778C5 /* MoonsOfJupiter.txt */,
			);
			path = Resources;
			sourceTree = "<group>";
		};
		07506D651ECA7A6300EB7C11 /* Custom Drawing */ = {
			isa = PBXGroup;
			children = (
				07506D671ECA7A8A00EB7C11 /* BackgroundSkyBoxView.h */,
				07506D681ECA7A8A00EB7C11 /* BackgroundSkyBoxView.m */,
			);
			path = "Custom Drawing";
			sourceTree = "<group>";
		};
		9EC407EF1EBFEAEB00F7F8A1 = {
			isa = PBXGroup;
			children = (
				D2B2E8E61ECB9BCC00ED0982 /* Model Protocols */,
				0731FA301EC9FCBF00F46170 /* Model Classes */,
				07506D651ECA7A6300EB7C11 /* Custom Drawing */,
				9EC407FA1EBFEAEB00F7F8A1 /* Science */,
				0734F5191ECBCB7500D778C5 /* Resources */,
				9EC407F91EBFEAEB00F7F8A1 /* Products */,
			);
			sourceTree = "<group>";
		};
		9EC407F91EBFEAEB00F7F8A1 /* Products */ = {
			isa = PBXGroup;
			children = (
				9EC407F81EBFEAEB00F7F8A1 /* Science.app */,
			);
			name = Products;
			sourceTree = "<group>";
		};
		9EC407FA1EBFEAEB00F7F8A1 /* Science */ = {
			isa = PBXGroup;
			children = (
				0731FA371ECA06C800F46170 /* README.md */,
				9EC407FB1EBFEAEB00F7F8A1 /* AppDelegate.swift */,
				9E2017341ECB7E95002373D7 /* SolarSystemSceneController.swift */,
				9E2017361ECB7F2E002373D7 /* PlanetDetailsViewController.swift */,
				9E43B2771ECC1B1300404A81 /* SceneHUDViewController.swift */,
				07506D6A1ECA7AE800EB7C11 /* Science-Bridging-Header.h */,
				9EC408011EBFEAEB00F7F8A1 /* Main.storyboard */,
				EECE23D01ECCC60100D0CC7A /* Planets.storyboard */,
				9EC408041EBFEAEB00F7F8A1 /* Assets.xcassets */,
				9EC408061EBFEAEB00F7F8A1 /* LaunchScreen.storyboard */,
				9E6ADE0D1ECCF8F0008B2CA8 /* SolarSystemScene.scn */,
				9EBC16DC1ECC0FB30014404F /* PlanetDetails.plist */,
				9EC408091EBFEAEB00F7F8A1 /* Info.plist */,
			);
			path = Science;
			sourceTree = "<group>";
		};
		D2B2E8E61ECB9BCC00ED0982 /* Model Protocols */ = {
			isa = PBXGroup;
			children = (
				0798944D1ECA0B2E00C93E64 /* PhysicsBody.swift */,
				D2B2E8E71ECB9BE300ED0982 /* OrbitingBody.swift */,
			);
			path = "Model Protocols";
			sourceTree = "<group>";
		};
/* End PBXGroup section */

/* Begin PBXNativeTarget section */
		9EC407F71EBFEAEB00F7F8A1 /* Science */ = {
			isa = PBXNativeTarget;
			buildConfigurationList = 9EC4080C1EBFEAEB00F7F8A1 /* Build configuration list for PBXNativeTarget "Science" */;
			buildPhases = (
				9EC407F41EBFEAEB00F7F8A1 /* Sources */,
				9EC407F51EBFEAEB00F7F8A1 /* Frameworks */,
				9EC407F61EBFEAEB00F7F8A1 /* Resources */,
			);
			buildRules = (
			);
			dependencies = (
			);
			name = Science;
			productName = Science;
			productReference = 9EC407F81EBFEAEB00F7F8A1 /* Science.app */;
			productType = "com.apple.product-type.application";
		};
/* End PBXNativeTarget section */

/* Begin PBXProject section */
		9EC407F01EBFEAEB00F7F8A1 /* Project object */ = {
			isa = PBXProject;
			attributes = {
				LastSwiftUpdateCheck = 0900;
				LastUpgradeCheck = 0900;
				ORGANIZATIONNAME = Apple;
				TargetAttributes = {
					9EC407F71EBFEAEB00F7F8A1 = {
						CreatedOnToolsVersion = 9.0;
						LastSwiftMigration = 0900;
					};
				};
			};
			buildConfigurationList = 9EC407F31EBFEAEB00F7F8A1 /* Build configuration list for PBXProject "Science" */;
			compatibilityVersion = "Xcode 8.0";
			developmentRegion = en;
			hasScannedForEncodings = 0;
			knownRegions = (
				en,
				Base,
			);
			mainGroup = 9EC407EF1EBFEAEB00F7F8A1;
			productRefGroup = 9EC407F91EBFEAEB00F7F8A1 /* Products */;
			projectDirPath = "";
			projectRoot = "";
			targets = (
				9EC407F71EBFEAEB00F7F8A1 /* Science */,
			);
		};
/* End PBXProject section */

/* Begin PBXResourcesBuildPhase section */
		9EC407F61EBFEAEB00F7F8A1 /* Resources */ = {
			isa = PBXResourcesBuildPhase;
			buildActionMask = 2147483647;
			files = (
				9EC408081EBFEAEB00F7F8A1 /* LaunchScreen.storyboard in Resources */,
				9EC408051EBFEAEB00F7F8A1 /* Assets.xcassets in Resources */,
				0734F51B1ECBCB9C00D778C5 /* MoonsOfJupiter.txt in Resources */,
				9EC408031EBFEAEB00F7F8A1 /* Main.storyboard in Resources */,
				EECE23D11ECCC60100D0CC7A /* Planets.storyboard in Resources */,
				9E6ADE0E1ECCF8F0008B2CA8 /* SolarSystemScene.scn in Resources */,
				9EBC16DD1ECC0FB30014404F /* PlanetDetails.plist in Resources */,
			);
			runOnlyForDeploymentPostprocessing = 0;
		};
/* End PBXResourcesBuildPhase section */

/* Begin PBXSourcesBuildPhase section */
		9EC407F41EBFEAEB00F7F8A1 /* Sources */ = {
			isa = PBXSourcesBuildPhase;
			buildActionMask = 2147483647;
			files = (
				9E2017351ECB7E95002373D7 /* SolarSystemSceneController.swift in Sources */,
				D2B2E8EA1ECB9C6200ED0982 /* SolarDays.swift in Sources */,
				0781432B1ECB3FAB009C18DF /* Star.swift in Sources */,
				9EC407FC1EBFEAEB00F7F8A1 /* AppDelegate.swift in Sources */,
				0731FA341EC9FD4400F46170 /* Moon.swift in Sources */,
				D2B2E8E81ECB9BE300ED0982 /* OrbitingBody.swift in Sources */,
				9E2017371ECB7F2E002373D7 /* PlanetDetailsViewController.swift in Sources */,
				0798944E1ECA0B2E00C93E64 /* PhysicsBody.swift in Sources */,
				EE5818701ECCFD9900733C90 /* Asteroid.m in Sources */,
				07506D691ECA7A8A00EB7C11 /* BackgroundSkyBoxView.m in Sources */,
				EE22DC031ECCF966008CBDDE /* TransNeptunianObject.swift in Sources */,
				9E43B2781ECC1B1300404A81 /* SceneHUDViewController.swift in Sources */,
				078143291ECB3D32009C18DF /* SolarSystem.swift in Sources */,
				0731FA361EC9FDF700F46170 /* Planet.swift in Sources */,
			);
			runOnlyForDeploymentPostprocessing = 0;
		};
/* End PBXSourcesBuildPhase section */

/* Begin PBXVariantGroup section */
		9EC408011EBFEAEB00F7F8A1 /* Main.storyboard */ = {
			isa = PBXVariantGroup;
			children = (
				9EC408021EBFEAEB00F7F8A1 /* Base */,
			);
			name = Main.storyboard;
			sourceTree = "<group>";
		};
		9EC408061EBFEAEB00F7F8A1 /* LaunchScreen.storyboard */ = {
			isa = PBXVariantGroup;
			children = (
				9EC408071EBFEAEB00F7F8A1 /* Base */,
			);
			name = LaunchScreen.storyboard;
			sourceTree = "<group>";
		};
/* End PBXVariantGroup section */

/* Begin XCBuildConfiguration section */
		9EC4080A1EBFEAEB00F7F8A1 /* Debug */ = {
			isa = XCBuildConfiguration;
			buildSettings = {
				ALWAYS_SEARCH_USER_PATHS = NO;
				CLANG_ANALYZER_NONNULL = YES;
				CLANG_ANALYZER_NUMBER_OBJECT_CONVERSION = YES_AGGRESSIVE;
				CLANG_CXX_LANGUAGE_STANDARD = "gnu++14";
				CLANG_CXX_LIBRARY = "libc++";
				CLANG_ENABLE_MODULES = YES;
				CLANG_ENABLE_OBJC_ARC = YES;
				CLANG_WARN_BOOL_CONVERSION = YES;
				CLANG_WARN_CONSTANT_CONVERSION = YES;
				CLANG_WARN_DIRECT_OBJC_ISA_USAGE = YES_ERROR;
				CLANG_WARN_DOCUMENTATION_COMMENTS = YES;
				CLANG_WARN_EMPTY_BODY = YES;
				CLANG_WARN_ENUM_CONVERSION = YES;
				CLANG_WARN_INFINITE_RECURSION = YES;
				CLANG_WARN_INT_CONVERSION = YES;
				CLANG_WARN_OBJC_ROOT_CLASS = YES_ERROR;
				CLANG_WARN_RANGE_LOOP_ANALYSIS = YES;
				CLANG_WARN_SUSPICIOUS_MOVE = YES;
				CLANG_WARN_UNGUARDED_AVAILABILITY = YES;
				CLANG_WARN_UNREACHABLE_CODE = YES;
				CLANG_WARN__DUPLICATE_METHOD_MATCH = YES;
				CODE_SIGN_IDENTITY = "iPhone Developer";
				COPY_PHASE_STRIP = NO;
				DEBUG_INFORMATION_FORMAT = dwarf;
				ENABLE_STRICT_OBJC_MSGSEND = YES;
				ENABLE_TESTABILITY = YES;
				GCC_C_LANGUAGE_STANDARD = gnu11;
				GCC_DYNAMIC_NO_PIC = NO;
				GCC_NO_COMMON_BLOCKS = YES;
				GCC_OPTIMIZATION_LEVEL = 0;
				GCC_PREPROCESSOR_DEFINITIONS = (
					"DEBUG=1",
					"$(inherited)",
				);
				GCC_WARN_64_TO_32_BIT_CONVERSION = YES;
				GCC_WARN_ABOUT_RETURN_TYPE = YES_ERROR;
				GCC_WARN_UNDECLARED_SELECTOR = YES;
				GCC_WARN_UNINITIALIZED_AUTOS = YES_AGGRESSIVE;
				GCC_WARN_UNUSED_FUNCTION = YES;
				GCC_WARN_UNUSED_VARIABLE = YES;
				IPHONEOS_DEPLOYMENT_TARGET = 11.0;
				MTL_ENABLE_DEBUG_INFO = YES;
				ONLY_ACTIVE_ARCH = YES;
				SDKROOT = iphoneos;
				SWIFT_ACTIVE_COMPILATION_CONDITIONS = DEBUG;
				SWIFT_OPTIMIZATION_LEVEL = "-Onone";
			};
			name = Debug;
		};
		9EC4080B1EBFEAEB00F7F8A1 /* Release */ = {
			isa = XCBuildConfiguration;
			buildSettings = {
				ALWAYS_SEARCH_USER_PATHS = NO;
				CLANG_ANALYZER_NONNULL = YES;
				CLANG_ANALYZER_NUMBER_OBJECT_CONVERSION = YES_AGGRESSIVE;
				CLANG_CXX_LANGUAGE_STANDARD = "gnu++14";
				CLANG_CXX_LIBRARY = "libc++";
				CLANG_ENABLE_MODULES = YES;
				CLANG_ENABLE_OBJC_ARC = YES;
				CLANG_WARN_BOOL_CONVERSION = YES;
				CLANG_WARN_CONSTANT_CONVERSION = YES;
				CLANG_WARN_DIRECT_OBJC_ISA_USAGE = YES_ERROR;
				CLANG_WARN_DOCUMENTATION_COMMENTS = YES;
				CLANG_WARN_EMPTY_BODY = YES;
				CLANG_WARN_ENUM_CONVERSION = YES;
				CLANG_WARN_INFINITE_RECURSION = YES;
				CLANG_WARN_INT_CONVERSION = YES;
				CLANG_WARN_OBJC_ROOT_CLASS = YES_ERROR;
				CLANG_WARN_RANGE_LOOP_ANALYSIS = YES;
				CLANG_WARN_SUSPICIOUS_MOVE = YES;
				CLANG_WARN_UNGUARDED_AVAILABILITY = YES;
				CLANG_WARN_UNREACHABLE_CODE = YES;
				CLANG_WARN__DUPLICATE_METHOD_MATCH = YES;
				CODE_SIGN_IDENTITY = "iPhone Developer";
				COPY_PHASE_STRIP = NO;
				DEBUG_INFORMATION_FORMAT = "dwarf-with-dsym";
				ENABLE_NS_ASSERTIONS = NO;
				ENABLE_STRICT_OBJC_MSGSEND = YES;
				GCC_C_LANGUAGE_STANDARD = gnu11;
				GCC_NO_COMMON_BLOCKS = YES;
				GCC_WARN_64_TO_32_BIT_CONVERSION = YES;
				GCC_WARN_ABOUT_RETURN_TYPE = YES_ERROR;
				GCC_WARN_UNDECLARED_SELECTOR = YES;
				GCC_WARN_UNINITIALIZED_AUTOS = YES_AGGRESSIVE;
				GCC_WARN_UNUSED_FUNCTION = YES;
				GCC_WARN_UNUSED_VARIABLE = YES;
				IPHONEOS_DEPLOYMENT_TARGET = 11.0;
				MTL_ENABLE_DEBUG_INFO = NO;
				SDKROOT = iphoneos;
				SWIFT_OPTIMIZATION_LEVEL = "-Owholemodule";
				VALIDATE_PRODUCT = YES;
			};
			name = Release;
		};
		9EC4080D1EBFEAEB00F7F8A1 /* Debug */ = {
			isa = XCBuildConfiguration;
			buildSettings = {
				ASSETCATALOG_COMPILER_APPICON_NAME = AppIcon;
				CLANG_ENABLE_MODULES = YES;
				DEVELOPMENT_TEAM = 59GAB85EFG;
				INFOPLIST_FILE = Science/Info.plist;
				IPHONEOS_DEPLOYMENT_TARGET = 10.3;
				LD_RUNPATH_SEARCH_PATHS = "$(inherited) @executable_path/Frameworks";
				PRODUCT_BUNDLE_IDENTIFIER = com.apple.toolsQA.Science;
				PRODUCT_NAME = "$(TARGET_NAME)";
				SWIFT_OBJC_BRIDGING_HEADER = "Science/Science-Bridging-Header.h";
				SWIFT_OPTIMIZATION_LEVEL = "-Onone";
				SWIFT_VERSION = 4.0;
				TARGETED_DEVICE_FAMILY = "1,2";
			};
			name = Debug;
		};
		9EC4080E1EBFEAEB00F7F8A1 /* Release */ = {
			isa = XCBuildConfiguration;
			buildSettings = {
				ASSETCATALOG_COMPILER_APPICON_NAME = AppIcon;
				CLANG_ENABLE_MODULES = YES;
				DEVELOPMENT_TEAM = 59GAB85EFG;
				INFOPLIST_FILE = Science/Info.plist;
				IPHONEOS_DEPLOYMENT_TARGET = 10.3;
				LD_RUNPATH_SEARCH_PATHS = "$(inherited) @executable_path/Frameworks";
				PRODUCT_BUNDLE_IDENTIFIER = com.apple.toolsQA.Science;
				PRODUCT_NAME = "$(TARGET_NAME)";
				SWIFT_OBJC_BRIDGING_HEADER = "Science/Science-Bridging-Header.h";
				SWIFT_VERSION = 4.0;
				TARGETED_DEVICE_FAMILY = "1,2";
			};
			name = Release;
		};
/* End XCBuildConfiguration section */

/* Begin XCConfigurationList section */
		9EC407F31EBFEAEB00F7F8A1 /* Build configuration list for PBXProject "Science" */ = {
			isa = XCConfigurationList;
			buildConfigurations = (
				9EC4080A1EBFEAEB00F7F8A1 /* Debug */,
				9EC4080B1EBFEAEB00F7F8A1 /* Release */,
			);
			defaultConfigurationIsVisible = 0;
			defaultConfigurationName = Release;
		};
		9EC4080C1EBFEAEB00F7F8A1 /* Build configuration list for PBXNativeTarget "Science" */ = {
			isa = XCConfigurationList;
			buildConfigurations = (
				9EC4080D1EBFEAEB00F7F8A1 /* Debug */,
				9EC4080E1EBFEAEB00F7F8A1 /* Release */,
			);
			defaultConfigurationIsVisible = 0;
			defaultConfigurationName = Release;
		};
/* End XCConfigurationList section */
	};
	rootObject = 9EC407F01EBFEAEB00F7F8A1 /* Project object */;
}
